
Microsoft Visual Studio Solution File, Format Version 12.00
# Visual Studio Version 17
VisualStudioVersion = 17.2.32630.192
MinimumVisualStudioVersion = 10.0.40219.1
Project("{FAE04EC0-301F-11D3-BF4B-00C04F79EFBC}") = "ConsultaBancoDeDados", "ProjetoTeste\ConsultaBancoDeDados.csproj", "{7E330556-2A76-4D73-BD2A-81A006ADF353}"
EndProject
Global
	GlobalSection(SolutionConfigurationPlatforms) = preSolution
		Debug|Any CPU = Debug|Any CPU
		Release|Any CPU = Release|Any CPU
	EndGlobalSection
	GlobalSection(ProjectConfigurationPlatforms) = postSolution
		{7E330556-2A76-4D73-BD2A-81A006ADF353}.Debug|Any CPU.ActiveCfg = Debug|Any CPU
		{7E330556-2A76-4D73-BD2A-81A006ADF353}.Debug|Any CPU.Build.0 = Debug|Any CPU
		{7E330556-2A76-4D73-BD2A-81A006ADF353}.Release|Any CPU.ActiveCfg = Release|Any CPU
		{7E330556-2A76-4D73-BD2A-81A006ADF353}.Release|Any CPU.Build.0 = Release|Any CPU
	EndGlobalSection
	GlobalSection(SolutionProperties) = preSolution
		HideSolutionNode = FALSE
	EndGlobalSection
	GlobalSection(ExtensibilityGlobals) = postSolution
		SolutionGuid = {7D6781C2-A284-4975-8609-7E81A144E23D}
	EndGlobalSection
EndGlobal
